
Microsoft Visual Studio Solution File, Format Version 12.00
# Visual Studio Version 17
VisualStudioVersion = 17.0.31903.59
MinimumVisualStudioVersion = 10.0.40219.1
Project("{2150E333-8FDC-42A3-9474-1A3956D46DE8}") = "src", "src", "{827E0CD3-B72D-47B6-A68D-7590B98EB39B}"
EndProject
Project("{FAE04EC0-301F-11D3-BF4B-00C04F79EFBC}") = "BrickShowcase.Api", "src\BrickShowcase.Api\BrickShowcase.Api.csproj", "{B898B11F-9697-49AD-B58B-E7440C0FD8AA}"
EndProject
Project("{FAE04EC0-301F-11D3-BF4B-00C04F79EFBC}") = "BrickShowcase.Application", "src\BrickShowcase.Application\BrickShowcase.Application.csproj", "{8C16622E-99F2-472D-8866-9D56F615AC46}"
EndProject
Project("{FAE04EC0-301F-11D3-BF4B-00C04F79EFBC}") = "BrickShowcase.Domain", "src\BrickShowcase.Domain\BrickShowcase.Domain.csproj", "{37213176-313E-4338-B874-8132C2B9401D}"
EndProject
Project("{FAE04EC0-301F-11D3-BF4B-00C04F79EFBC}") = "BrickShowcase.Infrastructure", "src\BrickShowcase.Infrastructure\BrickShowcase.Infrastructure.csproj", "{0B1B467E-285D-46A4-86E9-2E0474B5A4B9}"
EndProject
Global
	GlobalSection(SolutionConfigurationPlatforms) = preSolution
		Debug|Any CPU = Debug|Any CPU
		Debug|x64 = Debug|x64
		Debug|x86 = Debug|x86
		Release|Any CPU = Release|Any CPU
		Release|x64 = Release|x64
		Release|x86 = Release|x86
	EndGlobalSection
	GlobalSection(ProjectConfigurationPlatforms) = postSolution
		{B898B11F-9697-49AD-B58B-E7440C0FD8AA}.Debug|Any CPU.ActiveCfg = Debug|Any CPU
		{B898B11F-9697-49AD-B58B-E7440C0FD8AA}.Debug|Any CPU.Build.0 = Debug|Any CPU
		{B898B11F-9697-49AD-B58B-E7440C0FD8AA}.Debug|x64.ActiveCfg = Debug|Any CPU
		{B898B11F-9697-49AD-B58B-E7440C0FD8AA}.Debug|x64.Build.0 = Debug|Any CPU
		{B898B11F-9697-49AD-B58B-E7440C0FD8AA}.Debug|x86.ActiveCfg = Debug|Any CPU
		{B898B11F-9697-49AD-B58B-E7440C0FD8AA}.Debug|x86.Build.0 = Debug|Any CPU
		{B898B11F-9697-49AD-B58B-E7440C0FD8AA}.Release|Any CPU.ActiveCfg = Release|Any CPU
		{B898B11F-9697-49AD-B58B-E7440C0FD8AA}.Release|Any CPU.Build.0 = Release|Any CPU
		{B898B11F-9697-49AD-B58B-E7440C0FD8AA}.Release|x64.ActiveCfg = Release|Any CPU
		{B898B11F-9697-49AD-B58B-E7440C0FD8AA}.Release|x64.Build.0 = Release|Any CPU
		{B898B11F-9697-49AD-B58B-E7440C0FD8AA}.Release|x86.ActiveCfg = Release|Any CPU
		{B898B11F-9697-49AD-B58B-E7440C0FD8AA}.Release|x86.Build.0 = Release|Any CPU
		{8C16622E-99F2-472D-8866-9D56F615AC46}.Debug|Any CPU.ActiveCfg = Debug|Any CPU
		{8C16622E-99F2-472D-8866-9D56F615AC46}.Debug|Any CPU.Build.0 = Debug|Any CPU
		{8C16622E-99F2-472D-8866-9D56F615AC46}.Debug|x64.ActiveCfg = Debug|Any CPU
		{8C16622E-99F2-472D-8866-9D56F615AC46}.Debug|x64.Build.0 = Debug|Any CPU
		{8C16622E-99F2-472D-8866-9D56F615AC46}.Debug|x86.ActiveCfg = Debug|Any CPU
		{8C16622E-99F2-472D-8866-9D56F615AC46}.Debug|x86.Build.0 = Debug|Any CPU
		{8C16622E-99F2-472D-8866-9D56F615AC46}.Release|Any CPU.ActiveCfg = Release|Any CPU
		{8C16622E-99F2-472D-8866-9D56F615AC46}.Release|Any CPU.Build.0 = Release|Any CPU
		{8C16622E-99F2-472D-8866-9D56F615AC46}.Release|x64.ActiveCfg = Release|Any CPU
		{8C16622E-99F2-472D-8866-9D56F615AC46}.Release|x64.Build.0 = Release|Any CPU
		{8C16622E-99F2-472D-8866-9D56F615AC46}.Release|x86.ActiveCfg = Release|Any CPU
		{8C16622E-99F2-472D-8866-9D56F615AC46}.Release|x86.Build.0 = Release|Any CPU
		{37213176-313E-4338-B874-8132C2B9401D}.Debug|Any CPU.ActiveCfg = Debug|Any CPU
		{37213176-313E-4338-B874-8132C2B9401D}.Debug|Any CPU.Build.0 = Debug|Any CPU
		{37213176-313E-4338-B874-8132C2B9401D}.Debug|x64.ActiveCfg = Debug|Any CPU
		{37213176-313E-4338-B874-8132C2B9401D}.Debug|x64.Build.0 = Debug|Any CPU
		{37213176-313E-4338-B874-8132C2B9401D}.Debug|x86.ActiveCfg = Debug|Any CPU
		{37213176-313E-4338-B874-8132C2B9401D}.Debug|x86.Build.0 = Debug|Any CPU
		{37213176-313E-4338-B874-8132C2B9401D}.Release|Any CPU.ActiveCfg = Release|Any CPU
		{37213176-313E-4338-B874-8132C2B9401D}.Release|Any CPU.Build.0 = Release|Any CPU
		{37213176-313E-4338-B874-8132C2B9401D}.Release|x64.ActiveCfg = Release|Any CPU
		{37213176-313E-4338-B874-8132C2B9401D}.Release|x64.Build.0 = Release|Any CPU
		{37213176-313E-4338-B874-8132C2B9401D}.Release|x86.ActiveCfg = Release|Any CPU
		{37213176-313E-4338-B874-8132C2B9401D}.Release|x86.Build.0 = Release|Any CPU
		{0B1B467E-285D-46A4-86E9-2E0474B5A4B9}.Debug|Any CPU.ActiveCfg = Debug|Any CPU
		{0B1B467E-285D-46A4-86E9-2E0474B5A4B9}.Debug|Any CPU.Build.0 = Debug|Any CPU
		{0B1B467E-285D-46A4-86E9-2E0474B5A4B9}.Debug|x64.ActiveCfg = Debug|Any CPU
		{0B1B467E-285D-46A4-86E9-2E0474B5A4B9}.Debug|x64.Build.0 = Debug|Any CPU
		{0B1B467E-285D-46A4-86E9-2E0474B5A4B9}.Debug|x86.ActiveCfg = Debug|Any CPU
		{0B1B467E-285D-46A4-86E9-2E0474B5A4B9}.Debug|x86.Build.0 = Debug|Any CPU
		{0B1B467E-285D-46A4-86E9-2E0474B5A4B9}.Release|Any CPU.ActiveCfg = Release|Any CPU
		{0B1B467E-285D-46A4-86E9-2E0474B5A4B9}.Release|Any CPU.Build.0 = Release|Any CPU
		{0B1B467E-285D-46A4-86E9-2E0474B5A4B9}.Release|x64.ActiveCfg = Release|Any CPU
		{0B1B467E-285D-46A4-86E9-2E0474B5A4B9}.Release|x64.Build.0 = Release|Any CPU
		{0B1B467E-285D-46A4-86E9-2E0474B5A4B9}.Release|x86.ActiveCfg = Release|Any CPU
		{0B1B467E-285D-46A4-86E9-2E0474B5A4B9}.Release|x86.Build.0 = Release|Any CPU
	EndGlobalSection
	GlobalSection(SolutionProperties) = preSolution
		HideSolutionNode = FALSE
	EndGlobalSection
	GlobalSection(NestedProjects) = preSolution
		{B898B11F-9697-49AD-B58B-E7440C0FD8AA} = {827E0CD3-B72D-47B6-A68D-7590B98EB39B}
		{8C16622E-99F2-472D-8866-9D56F615AC46} = {827E0CD3-B72D-47B6-A68D-7590B98EB39B}
		{37213176-313E-4338-B874-8132C2B9401D} = {827E0CD3-B72D-47B6-A68D-7590B98EB39B}
		{0B1B467E-285D-46A4-86E9-2E0474B5A4B9} = {827E0CD3-B72D-47B6-A68D-7590B98EB39B}
	EndGlobalSection
EndGlobal
